{
  "pins" : [
    {
      "identity" : "base16",
      "kind" : "remoteSourceControl",
      "location" : "https://github.com/metabolist/base16.git",
      "state" : {
        "revision" : "050929070f6ebd996841a14096362df971ce9454",
        "version" : "1.0.0"
      }
    },
    {
      "identity" : "blurhash",
      "kind" : "remoteSourceControl",
      "location" : "https://github.com/metabolist/blurhash.git",
      "state" : {
        "revision" : "4d86c470d866b2d8989adc5a65b121221e40df54",
        "version" : "1.0.0"
      }
    },
    {
      "identity" : "codable-bloom-filter",
      "kind" : "remoteSourceControl",
      "location" : "https://github.com/metabolist/codable-bloom-filter.git",
      "state" : {
        "revision" : "53f80465056a95253df797f1d8a9199f8b1c0543",
        "version" : "1.0.0"
      }
    },
    {
      "identity" : "combineexpectations",
      "kind" : "remoteSourceControl",
      "location" : "https://github.com/groue/CombineExpectations.git",
      "state" : {
        "revision" : "04d4e4b21c9e8361925f03f64a7ecda89ef9974f",
        "version" : "0.10.0"
      }
    },
    {
      "identity" : "grdb.swift",
      "kind" : "remoteSourceControl",
      "location" : "https://github.com/metabolist/GRDB.swift.git",
      "state" : {
        "branch" : "a6ff285",
        "revision" : "a6ff285eb1b0f8933c610b82e8d6ca7093fd7997"
      }
    },
    {
      "identity" : "sdwebimage",
      "kind" : "remoteSourceControl",
      "location" : "https://github.com/SDWebImage/SDWebImage",
      "state" : {
        "revision" : "f6afa0132961d593f07970d84e2d8b588c29ea04",
        "version" : "5.19.1"
      }
    },
    {
      "identity" : "semver",
      "kind" : "remoteSourceControl",
      "location" : "https://github.com/ddddxxx/Semver",
      "state" : {
        "revision" : "6094e6f23a02b52b5d211fd114a4750c4f3ecef3",
        "version" : "0.2.1"
      }
    },
    {
      "identity" : "swift-argument-parser",
      "kind" : "remoteSourceControl",
      "location" : "https://github.com/apple/swift-argument-parser",
      "state" : {
        "revision" : "8f4d2753f0e4778c76d5f05ad16c74f707390531",
        "version" : "1.2.3"
      }
    },
    {
      "identity" : "swiftsoup",
      "kind" : "remoteSourceControl",
      "location" : "https://github.com/scinfu/SwiftSoup.git",
      "state" : {
        "revision" : "8b6cf29eead8841a1fa7822481cb3af4ddaadba6",
        "version" : "2.6.1"
      }
    }
  ],
  "version" : 2
}
